// !$*UTF8*$!
{
	archiveVersion = 1;
	classes = {
	};
	objectVersion = 46;
	objects = {

/* Begin PBXBuildFile section */
		8284AE151424C1A2000321FF /* UIKit.framework in Frameworks */ = {isa = PBXBuildFile; fileRef = 8284AE141424C1A2000321FF /* UIKit.framework */; };
		8284AE171424C1A2000321FF /* Foundation.framework in Frameworks */ = {isa = PBXBuildFile; fileRef = 8284AE161424C1A2000321FF /* Foundation.framework */; };
		8284AE191424C1A2000321FF /* CoreGraphics.framework in Frameworks */ = {isa = PBXBuildFile; fileRef = 8284AE181424C1A2000321FF /* CoreGraphics.framework */; };
		8284AE1F1424C1A2000321FF /* InfoPlist.strings in Resources */ = {isa = PBXBuildFile; fileRef = 8284AE1D1424C1A2000321FF /* InfoPlist.strings */; };
		8284AE221424C1A2000321FF /* main.m in Sources */ = {isa = PBXBuildFile; fileRef = 8284AE211424C1A2000321FF /* main.m */; };
		8284AE251424C1A2000321FF /* CheckMeInAppDelegate.m in Sources */ = {isa = PBXBuildFile; fileRef = 8284AE241424C1A2000321FF /* CheckMeInAppDelegate.m */; };
		8284AE281424C1A2000321FF /* MainWindow.xib in Resources */ = {isa = PBXBuildFile; fileRef = 8284AE261424C1A2000321FF /* MainWindow.xib */; };
		8284AE2B1424C1A2000321FF /* HomeController.m in Sources */ = {isa = PBXBuildFile; fileRef = 8284AE2A1424C1A2000321FF /* HomeController.m */; };
		8284AE2E1424C1A2000321FF /* HomeController.xib in Resources */ = {isa = PBXBuildFile; fileRef = 8284AE2C1424C1A2000321FF /* HomeController.xib */; };
		82C63AE81424D6C1001A6F9F /* Moodstocks.m in Sources */ = {isa = PBXBuildFile; fileRef = 82C63AE71424D6C1001A6F9F /* Moodstocks.m */; };
		82C63AED1424D9F7001A6F9F /* CMIScannerController.m in Sources */ = {isa = PBXBuildFile; fileRef = 82C63AEB1424D9F7001A6F9F /* CMIScannerController.m */; };
		82C63AEE1424D9F7001A6F9F /* CMIScannerController.xib in Resources */ = {isa = PBXBuildFile; fileRef = 82C63AEC1424D9F7001A6F9F /* CMIScannerController.xib */; };
		82C63AF81424DE66001A6F9F /* AVFoundation.framework in Frameworks */ = {isa = PBXBuildFile; fileRef = 82C63AF71424DE66001A6F9F /* AVFoundation.framework */; };
		82C63AFA1424DE74001A6F9F /* CoreVideo.framework in Frameworks */ = {isa = PBXBuildFile; fileRef = 82C63AF91424DE74001A6F9F /* CoreVideo.framework */; };
		82C63AFC1424E547001A6F9F /* CoreMedia.framework in Frameworks */ = {isa = PBXBuildFile; fileRef = 82C63AFB1424E547001A6F9F /* CoreMedia.framework */; };
		82C63BC21424ED9D001A6F9F /* CMIConstants.m in Sources */ = {isa = PBXBuildFile; fileRef = 82C63BC11424ED9D001A6F9F /* CMIConstants.m */; };
		82C63BC61424EF26001A6F9F /* MSAPIDecoder.m in Sources */ = {isa = PBXBuildFile; fileRef = 82C63BC51424EF26001A6F9F /* MSAPIDecoder.m */; };
		82C63BCA1424EFD8001A6F9F /* CMIImageDecoder.m in Sources */ = {isa = PBXBuildFile; fileRef = 82C63BC91424EFD8001A6F9F /* CMIImageDecoder.m */; };
		9A638B5714250780005F5A6A /* NSString+URLEncode.m in Sources */ = {isa = PBXBuildFile; fileRef = 9A638B5614250780005F5A6A /* NSString+URLEncode.m */; };
		9A68ACB11424D4B2005AC677 /* NSObject+SBJson.m in Sources */ = {isa = PBXBuildFile; fileRef = 9A68AC991424D4B2005AC677 /* NSObject+SBJson.m */; };
		9A68ACB21424D4B2005AC677 /* SBJsonParser.m in Sources */ = {isa = PBXBuildFile; fileRef = 9A68AC9C1424D4B2005AC677 /* SBJsonParser.m */; };
		9A68ACB31424D4B2005AC677 /* SBJsonStreamParser.m in Sources */ = {isa = PBXBuildFile; fileRef = 9A68AC9E1424D4B2005AC677 /* SBJsonStreamParser.m */; };
		9A68ACB41424D4B2005AC677 /* SBJsonStreamParserAccumulator.m in Sources */ = {isa = PBXBuildFile; fileRef = 9A68ACA01424D4B2005AC677 /* SBJsonStreamParserAccumulator.m */; };
		9A68ACB51424D4B2005AC677 /* SBJsonStreamParserAdapter.m in Sources */ = {isa = PBXBuildFile; fileRef = 9A68ACA21424D4B2005AC677 /* SBJsonStreamParserAdapter.m */; };
		9A68ACB61424D4B2005AC677 /* SBJsonStreamParserState.m in Sources */ = {isa = PBXBuildFile; fileRef = 9A68ACA41424D4B2005AC677 /* SBJsonStreamParserState.m */; };
		9A68ACB71424D4B2005AC677 /* SBJsonStreamWriter.m in Sources */ = {isa = PBXBuildFile; fileRef = 9A68ACA61424D4B2005AC677 /* SBJsonStreamWriter.m */; };
		9A68ACB81424D4B2005AC677 /* SBJsonStreamWriterAccumulator.m in Sources */ = {isa = PBXBuildFile; fileRef = 9A68ACA81424D4B2005AC677 /* SBJsonStreamWriterAccumulator.m */; };
		9A68ACB91424D4B2005AC677 /* SBJsonStreamWriterState.m in Sources */ = {isa = PBXBuildFile; fileRef = 9A68ACAA1424D4B2005AC677 /* SBJsonStreamWriterState.m */; };
		9A68ACBA1424D4B2005AC677 /* SBJsonTokeniser.m in Sources */ = {isa = PBXBuildFile; fileRef = 9A68ACAC1424D4B2005AC677 /* SBJsonTokeniser.m */; };
		9A68ACBB1424D4B2005AC677 /* SBJsonUTF8Stream.m in Sources */ = {isa = PBXBuildFile; fileRef = 9A68ACAE1424D4B2005AC677 /* SBJsonUTF8Stream.m */; };
		9A68ACBC1424D4B2005AC677 /* SBJsonWriter.m in Sources */ = {isa = PBXBuildFile; fileRef = 9A68ACB01424D4B2005AC677 /* SBJsonWriter.m */; };
		9A68ACBE1424DF2C005AC677 /* CoreLocation.framework in Frameworks */ = {isa = PBXBuildFile; fileRef = 9A68ACBD1424DF2C005AC677 /* CoreLocation.framework */; };
		9A73CBD814251C71000D8DED /* checkmein.png in Resources */ = {isa = PBXBuildFile; fileRef = 9A73CBD614251C71000D8DED /* checkmein.png */; };
		9A73CBDA14251E76000D8DED /* checkmein_button.png in Resources */ = {isa = PBXBuildFile; fileRef = 9A73CBD914251E76000D8DED /* checkmein_button.png */; };
		9A73CBE514252502000D8DED /* MBProgressHUD.m in Sources */ = {isa = PBXBuildFile; fileRef = 9A73CBE414252502000D8DED /* MBProgressHUD.m */; };
		9A73CBE914252523000D8DED /* CMICheckInController.m in Sources */ = {isa = PBXBuildFile; fileRef = 9A73CBE714252523000D8DED /* CMICheckInController.m */; };
		9A73CBEA14252523000D8DED /* CMICheckInController.xib in Resources */ = {isa = PBXBuildFile; fileRef = 9A73CBE814252523000D8DED /* CMICheckInController.xib */; };
		9A77A5A61424C50100E7B4C9 /* ASIAuthenticationDialog.m in Sources */ = {isa = PBXBuildFile; fileRef = 9A77A5551424C50100E7B4C9 /* ASIAuthenticationDialog.m */; };
		9A77A5A71424C50100E7B4C9 /* ASIDataCompressor.m in Sources */ = {isa = PBXBuildFile; fileRef = 9A77A5581424C50100E7B4C9 /* ASIDataCompressor.m */; };
		9A77A5A81424C50100E7B4C9 /* ASIDataDecompressor.m in Sources */ = {isa = PBXBuildFile; fileRef = 9A77A55A1424C50100E7B4C9 /* ASIDataDecompressor.m */; };
		9A77A5A91424C50100E7B4C9 /* ASIDownloadCache.m in Sources */ = {isa = PBXBuildFile; fileRef = 9A77A55C1424C50100E7B4C9 /* ASIDownloadCache.m */; };
		9A77A5AA1424C50100E7B4C9 /* ASIFormDataRequest.m in Sources */ = {isa = PBXBuildFile; fileRef = 9A77A55E1424C50100E7B4C9 /* ASIFormDataRequest.m */; };
		9A77A5AB1424C50100E7B4C9 /* ASIHTTPRequest.m in Sources */ = {isa = PBXBuildFile; fileRef = 9A77A5601424C50100E7B4C9 /* ASIHTTPRequest.m */; };
		9A77A5AC1424C50100E7B4C9 /* ASIInputStream.m in Sources */ = {isa = PBXBuildFile; fileRef = 9A77A5641424C50100E7B4C9 /* ASIInputStream.m */; };
		9A77A5AD1424C50100E7B4C9 /* ASINetworkQueue.m in Sources */ = {isa = PBXBuildFile; fileRef = 9A77A5661424C50100E7B4C9 /* ASINetworkQueue.m */; };
		9A77A5CC1424C53E00E7B4C9 /* libz.dylib in Frameworks */ = {isa = PBXBuildFile; fileRef = 9A77A5CB1424C53E00E7B4C9 /* libz.dylib */; };
		9A77A5CE1424C58300E7B4C9 /* CFNetwork.framework in Frameworks */ = {isa = PBXBuildFile; fileRef = 9A77A5CD1424C58300E7B4C9 /* CFNetwork.framework */; };
		9A77A5D01424C58C00E7B4C9 /* SystemConfiguration.framework in Frameworks */ = {isa = PBXBuildFile; fileRef = 9A77A5CF1424C58C00E7B4C9 /* SystemConfiguration.framework */; };
		9A77A5D21424C59700E7B4C9 /* MobileCoreServices.framework in Frameworks */ = {isa = PBXBuildFile; fileRef = 9A77A5D11424C59700E7B4C9 /* MobileCoreServices.framework */; };
		9A77A5D61424C60F00E7B4C9 /* Reachability.m in Sources */ = {isa = PBXBuildFile; fileRef = 9A77A5D51424C60F00E7B4C9 /* Reachability.m */; };
		9A77A5DB1424C6A000E7B4C9 /* CMISetupController.m in Sources */ = {isa = PBXBuildFile; fileRef = 9A77A5D91424C6A000E7B4C9 /* CMISetupController.m */; };
		9A77A5DC1424C6A000E7B4C9 /* CMISetupController.xib in Resources */ = {isa = PBXBuildFile; fileRef = 9A77A5DA1424C6A000E7B4C9 /* CMISetupController.xib */; };
		9A77A5E31424C9CD00E7B4C9 /* NSUserDefaults+Extensions.m in Sources */ = {isa = PBXBuildFile; fileRef = 9A77A5E21424C9CC00E7B4C9 /* NSUserDefaults+Extensions.m */; };
/* End PBXBuildFile section */

/* Begin PBXFileReference section */
		8284AE101424C1A2000321FF /* CheckMeIn.app */ = {isa = PBXFileReference; explicitFileType = wrapper.application; includeInIndex = 0; path = CheckMeIn.app; sourceTree = BUILT_PRODUCTS_DIR; };
		8284AE141424C1A2000321FF /* UIKit.framework */ = {isa = PBXFileReference; lastKnownFileType = wrapper.framework; name = UIKit.framework; path = System/Library/Frameworks/UIKit.framework; sourceTree = SDKROOT; };
		8284AE161424C1A2000321FF /* Foundation.framework */ = {isa = PBXFileReference; lastKnownFileType = wrapper.framework; name = Foundation.framework; path = System/Library/Frameworks/Foundation.framework; sourceTree = SDKROOT; };
		8284AE181424C1A2000321FF /* CoreGraphics.framework */ = {isa = PBXFileReference; lastKnownFileType = wrapper.framework; name = CoreGraphics.framework; path = System/Library/Frameworks/CoreGraphics.framework; sourceTree = SDKROOT; };
		8284AE1C1424C1A2000321FF /* CheckMeIn-Info.plist */ = {isa = PBXFileReference; lastKnownFileType = text.plist.xml; path = "CheckMeIn-Info.plist"; sourceTree = "<group>"; };
		8284AE1E1424C1A2000321FF /* en */ = {isa = PBXFileReference; lastKnownFileType = text.plist.strings; name = en; path = en.lproj/InfoPlist.strings; sourceTree = "<group>"; };
		8284AE201424C1A2000321FF /* CheckMeIn-Prefix.pch */ = {isa = PBXFileReference; lastKnownFileType = sourcecode.c.h; path = "CheckMeIn-Prefix.pch"; sourceTree = "<group>"; };
		8284AE211424C1A2000321FF /* main.m */ = {isa = PBXFileReference; lastKnownFileType = sourcecode.c.objc; path = main.m; sourceTree = "<group>"; };
		8284AE231424C1A2000321FF /* CheckMeInAppDelegate.h */ = {isa = PBXFileReference; lastKnownFileType = sourcecode.c.h; path = CheckMeInAppDelegate.h; sourceTree = "<group>"; };
		8284AE241424C1A2000321FF /* CheckMeInAppDelegate.m */ = {isa = PBXFileReference; lastKnownFileType = sourcecode.c.objc; path = CheckMeInAppDelegate.m; sourceTree = "<group>"; };
		8284AE271424C1A2000321FF /* en */ = {isa = PBXFileReference; lastKnownFileType = file.xib; name = en; path = en.lproj/MainWindow.xib; sourceTree = "<group>"; };
		8284AE291424C1A2000321FF /* HomeController.h */ = {isa = PBXFileReference; lastKnownFileType = sourcecode.c.h; path = HomeController.h; sourceTree = "<group>"; };
		8284AE2A1424C1A2000321FF /* HomeController.m */ = {isa = PBXFileReference; lastKnownFileType = sourcecode.c.objc; path = HomeController.m; sourceTree = "<group>"; };
		8284AE2D1424C1A2000321FF /* en */ = {isa = PBXFileReference; lastKnownFileType = file.xib; name = en; path = en.lproj/HomeController.xib; sourceTree = "<group>"; };
		82C63AE61424D6C1001A6F9F /* Moodstocks.h */ = {isa = PBXFileReference; fileEncoding = 4; lastKnownFileType = sourcecode.c.h; path = Moodstocks.h; sourceTree = "<group>"; };
		82C63AE71424D6C1001A6F9F /* Moodstocks.m */ = {isa = PBXFileReference; fileEncoding = 4; lastKnownFileType = sourcecode.c.objc; path = Moodstocks.m; sourceTree = "<group>"; };
		82C63AEA1424D9F7001A6F9F /* CMIScannerController.h */ = {isa = PBXFileReference; fileEncoding = 4; lastKnownFileType = sourcecode.c.h; path = CMIScannerController.h; sourceTree = "<group>"; };
		82C63AEB1424D9F7001A6F9F /* CMIScannerController.m */ = {isa = PBXFileReference; fileEncoding = 4; lastKnownFileType = sourcecode.c.objc; path = CMIScannerController.m; sourceTree = "<group>"; };
		82C63AEC1424D9F7001A6F9F /* CMIScannerController.xib */ = {isa = PBXFileReference; fileEncoding = 4; lastKnownFileType = file.xib; path = CMIScannerController.xib; sourceTree = "<group>"; };
		82C63AF71424DE66001A6F9F /* AVFoundation.framework */ = {isa = PBXFileReference; lastKnownFileType = wrapper.framework; name = AVFoundation.framework; path = System/Library/Frameworks/AVFoundation.framework; sourceTree = SDKROOT; };
		82C63AF91424DE74001A6F9F /* CoreVideo.framework */ = {isa = PBXFileReference; lastKnownFileType = wrapper.framework; name = CoreVideo.framework; path = System/Library/Frameworks/CoreVideo.framework; sourceTree = SDKROOT; };
		82C63AFB1424E547001A6F9F /* CoreMedia.framework */ = {isa = PBXFileReference; lastKnownFileType = wrapper.framework; name = CoreMedia.framework; path = System/Library/Frameworks/CoreMedia.framework; sourceTree = SDKROOT; };
		82C63BC01424ED9D001A6F9F /* CMIConstants.h */ = {isa = PBXFileReference; fileEncoding = 4; lastKnownFileType = sourcecode.c.h; path = CMIConstants.h; sourceTree = "<group>"; };
		82C63BC11424ED9D001A6F9F /* CMIConstants.m */ = {isa = PBXFileReference; fileEncoding = 4; lastKnownFileType = sourcecode.c.objc; path = CMIConstants.m; sourceTree = "<group>"; };
		82C63BC41424EF26001A6F9F /* MSAPIDecoder.h */ = {isa = PBXFileReference; fileEncoding = 4; lastKnownFileType = sourcecode.c.h; path = MSAPIDecoder.h; sourceTree = "<group>"; };
		82C63BC51424EF26001A6F9F /* MSAPIDecoder.m */ = {isa = PBXFileReference; fileEncoding = 4; lastKnownFileType = sourcecode.c.objc; path = MSAPIDecoder.m; sourceTree = "<group>"; };
		82C63BC71424EF5D001A6F9F /* CMIImageDecoderDelegate.h */ = {isa = PBXFileReference; fileEncoding = 4; lastKnownFileType = sourcecode.c.h; path = CMIImageDecoderDelegate.h; sourceTree = "<group>"; };
		82C63BC81424EFD8001A6F9F /* CMIImageDecoder.h */ = {isa = PBXFileReference; fileEncoding = 4; lastKnownFileType = sourcecode.c.h; path = CMIImageDecoder.h; sourceTree = "<group>"; };
		82C63BC91424EFD8001A6F9F /* CMIImageDecoder.m */ = {isa = PBXFileReference; fileEncoding = 4; lastKnownFileType = sourcecode.c.objc; path = CMIImageDecoder.m; sourceTree = "<group>"; };
		9A638B5514250780005F5A6A /* NSString+URLEncode.h */ = {isa = PBXFileReference; fileEncoding = 4; lastKnownFileType = sourcecode.c.h; path = "NSString+URLEncode.h"; sourceTree = "<group>"; };
		9A638B5614250780005F5A6A /* NSString+URLEncode.m */ = {isa = PBXFileReference; fileEncoding = 4; lastKnownFileType = sourcecode.c.objc; path = "NSString+URLEncode.m"; sourceTree = "<group>"; };
		9A68AC981424D4B2005AC677 /* NSObject+SBJson.h */ = {isa = PBXFileReference; fileEncoding = 4; lastKnownFileType = sourcecode.c.h; path = "NSObject+SBJson.h"; sourceTree = "<group>"; };
		9A68AC991424D4B2005AC677 /* NSObject+SBJson.m */ = {isa = PBXFileReference; fileEncoding = 4; lastKnownFileType = sourcecode.c.objc; path = "NSObject+SBJson.m"; sourceTree = "<group>"; };
		9A68AC9A1424D4B2005AC677 /* SBJson.h */ = {isa = PBXFileReference; fileEncoding = 4; lastKnownFileType = sourcecode.c.h; path = SBJson.h; sourceTree = "<group>"; };
		9A68AC9B1424D4B2005AC677 /* SBJsonParser.h */ = {isa = PBXFileReference; fileEncoding = 4; lastKnownFileType = sourcecode.c.h; path = SBJsonParser.h; sourceTree = "<group>"; };
		9A68AC9C1424D4B2005AC677 /* SBJsonParser.m */ = {isa = PBXFileReference; fileEncoding = 4; lastKnownFileType = sourcecode.c.objc; path = SBJsonParser.m; sourceTree = "<group>"; };
		9A68AC9D1424D4B2005AC677 /* SBJsonStreamParser.h */ = {isa = PBXFileReference; fileEncoding = 4; lastKnownFileType = sourcecode.c.h; path = SBJsonStreamParser.h; sourceTree = "<group>"; };
		9A68AC9E1424D4B2005AC677 /* SBJsonStreamParser.m */ = {isa = PBXFileReference; fileEncoding = 4; lastKnownFileType = sourcecode.c.objc; path = SBJsonStreamParser.m; sourceTree = "<group>"; };
		9A68AC9F1424D4B2005AC677 /* SBJsonStreamParserAccumulator.h */ = {isa = PBXFileReference; fileEncoding = 4; lastKnownFileType = sourcecode.c.h; path = SBJsonStreamParserAccumulator.h; sourceTree = "<group>"; };
		9A68ACA01424D4B2005AC677 /* SBJsonStreamParserAccumulator.m */ = {isa = PBXFileReference; fileEncoding = 4; lastKnownFileType = sourcecode.c.objc; path = SBJsonStreamParserAccumulator.m; sourceTree = "<group>"; };
		9A68ACA11424D4B2005AC677 /* SBJsonStreamParserAdapter.h */ = {isa = PBXFileReference; fileEncoding = 4; lastKnownFileType = sourcecode.c.h; path = SBJsonStreamParserAdapter.h; sourceTree = "<group>"; };
		9A68ACA21424D4B2005AC677 /* SBJsonStreamParserAdapter.m */ = {isa = PBXFileReference; fileEncoding = 4; lastKnownFileType = sourcecode.c.objc; path = SBJsonStreamParserAdapter.m; sourceTree = "<group>"; };
		9A68ACA31424D4B2005AC677 /* SBJsonStreamParserState.h */ = {isa = PBXFileReference; fileEncoding = 4; lastKnownFileType = sourcecode.c.h; path = SBJsonStreamParserState.h; sourceTree = "<group>"; };
		9A68ACA41424D4B2005AC677 /* SBJsonStreamParserState.m */ = {isa = PBXFileReference; fileEncoding = 4; lastKnownFileType = sourcecode.c.objc; path = SBJsonStreamParserState.m; sourceTree = "<group>"; };
		9A68ACA51424D4B2005AC677 /* SBJsonStreamWriter.h */ = {isa = PBXFileReference; fileEncoding = 4; lastKnownFileType = sourcecode.c.h; path = SBJsonStreamWriter.h; sourceTree = "<group>"; };
		9A68ACA61424D4B2005AC677 /* SBJsonStreamWriter.m */ = {isa = PBXFileReference; fileEncoding = 4; lastKnownFileType = sourcecode.c.objc; path = SBJsonStreamWriter.m; sourceTree = "<group>"; };
		9A68ACA71424D4B2005AC677 /* SBJsonStreamWriterAccumulator.h */ = {isa = PBXFileReference; fileEncoding = 4; lastKnownFileType = sourcecode.c.h; path = SBJsonStreamWriterAccumulator.h; sourceTree = "<group>"; };
		9A68ACA81424D4B2005AC677 /* SBJsonStreamWriterAccumulator.m */ = {isa = PBXFileReference; fileEncoding = 4; lastKnownFileType = sourcecode.c.objc; path = SBJsonStreamWriterAccumulator.m; sourceTree = "<group>"; };
		9A68ACA91424D4B2005AC677 /* SBJsonStreamWriterState.h */ = {isa = PBXFileReference; fileEncoding = 4; lastKnownFileType = sourcecode.c.h; path = SBJsonStreamWriterState.h; sourceTree = "<group>"; };
		9A68ACAA1424D4B2005AC677 /* SBJsonStreamWriterState.m */ = {isa = PBXFileReference; fileEncoding = 4; lastKnownFileType = sourcecode.c.objc; path = SBJsonStreamWriterState.m; sourceTree = "<group>"; };
		9A68ACAB1424D4B2005AC677 /* SBJsonTokeniser.h */ = {isa = PBXFileReference; fileEncoding = 4; lastKnownFileType = sourcecode.c.h; path = SBJsonTokeniser.h; sourceTree = "<group>"; };
		9A68ACAC1424D4B2005AC677 /* SBJsonTokeniser.m */ = {isa = PBXFileReference; fileEncoding = 4; lastKnownFileType = sourcecode.c.objc; path = SBJsonTokeniser.m; sourceTree = "<group>"; };
		9A68ACAD1424D4B2005AC677 /* SBJsonUTF8Stream.h */ = {isa = PBXFileReference; fileEncoding = 4; lastKnownFileType = sourcecode.c.h; path = SBJsonUTF8Stream.h; sourceTree = "<group>"; };
		9A68ACAE1424D4B2005AC677 /* SBJsonUTF8Stream.m */ = {isa = PBXFileReference; fileEncoding = 4; lastKnownFileType = sourcecode.c.objc; path = SBJsonUTF8Stream.m; sourceTree = "<group>"; };
		9A68ACAF1424D4B2005AC677 /* SBJsonWriter.h */ = {isa = PBXFileReference; fileEncoding = 4; lastKnownFileType = sourcecode.c.h; path = SBJsonWriter.h; sourceTree = "<group>"; };
		9A68ACB01424D4B2005AC677 /* SBJsonWriter.m */ = {isa = PBXFileReference; fileEncoding = 4; lastKnownFileType = sourcecode.c.objc; path = SBJsonWriter.m; sourceTree = "<group>"; };
		9A68ACBD1424DF2C005AC677 /* CoreLocation.framework */ = {isa = PBXFileReference; lastKnownFileType = wrapper.framework; name = CoreLocation.framework; path = System/Library/Frameworks/CoreLocation.framework; sourceTree = SDKROOT; };
		9A73CBD614251C71000D8DED /* checkmein.png */ = {isa = PBXFileReference; lastKnownFileType = image.png; path = checkmein.png; sourceTree = "<group>"; };
		9A73CBD914251E76000D8DED /* checkmein_button.png */ = {isa = PBXFileReference; lastKnownFileType = image.png; path = checkmein_button.png; sourceTree = "<group>"; };
		9A73CBE314252502000D8DED /* MBProgressHUD.h */ = {isa = PBXFileReference; fileEncoding = 4; lastKnownFileType = sourcecode.c.h; path = MBProgressHUD.h; sourceTree = "<group>"; };
		9A73CBE414252502000D8DED /* MBProgressHUD.m */ = {isa = PBXFileReference; fileEncoding = 4; lastKnownFileType = sourcecode.c.objc; path = MBProgressHUD.m; sourceTree = "<group>"; };
		9A73CBE614252523000D8DED /* CMICheckInController.h */ = {isa = PBXFileReference; fileEncoding = 4; path = CMICheckInController.h; sourceTree = "<group>"; };
		9A73CBE714252523000D8DED /* CMICheckInController.m */ = {isa = PBXFileReference; fileEncoding = 4; lastKnownFileType = sourcecode.c.objc; path = CMICheckInController.m; sourceTree = "<group>"; };
		9A73CBE814252523000D8DED /* CMICheckInController.xib */ = {isa = PBXFileReference; fileEncoding = 4; lastKnownFileType = file.xib; path = CMICheckInController.xib; sourceTree = "<group>"; };
		9A77A5541424C50100E7B4C9 /* ASIAuthenticationDialog.h */ = {isa = PBXFileReference; fileEncoding = 4; lastKnownFileType = sourcecode.c.h; path = ASIAuthenticationDialog.h; sourceTree = "<group>"; };
		9A77A5551424C50100E7B4C9 /* ASIAuthenticationDialog.m */ = {isa = PBXFileReference; fileEncoding = 4; lastKnownFileType = sourcecode.c.objc; path = ASIAuthenticationDialog.m; sourceTree = "<group>"; };
		9A77A5561424C50100E7B4C9 /* ASICacheDelegate.h */ = {isa = PBXFileReference; fileEncoding = 4; lastKnownFileType = sourcecode.c.h; path = ASICacheDelegate.h; sourceTree = "<group>"; };
		9A77A5571424C50100E7B4C9 /* ASIDataCompressor.h */ = {isa = PBXFileReference; fileEncoding = 4; lastKnownFileType = sourcecode.c.h; path = ASIDataCompressor.h; sourceTree = "<group>"; };
		9A77A5581424C50100E7B4C9 /* ASIDataCompressor.m */ = {isa = PBXFileReference; fileEncoding = 4; lastKnownFileType = sourcecode.c.objc; path = ASIDataCompressor.m; sourceTree = "<group>"; };
		9A77A5591424C50100E7B4C9 /* ASIDataDecompressor.h */ = {isa = PBXFileReference; fileEncoding = 4; lastKnownFileType = sourcecode.c.h; path = ASIDataDecompressor.h; sourceTree = "<group>"; };
		9A77A55A1424C50100E7B4C9 /* ASIDataDecompressor.m */ = {isa = PBXFileReference; fileEncoding = 4; lastKnownFileType = sourcecode.c.objc; path = ASIDataDecompressor.m; sourceTree = "<group>"; };
		9A77A55B1424C50100E7B4C9 /* ASIDownloadCache.h */ = {isa = PBXFileReference; fileEncoding = 4; lastKnownFileType = sourcecode.c.h; path = ASIDownloadCache.h; sourceTree = "<group>"; };
		9A77A55C1424C50100E7B4C9 /* ASIDownloadCache.m */ = {isa = PBXFileReference; fileEncoding = 4; lastKnownFileType = sourcecode.c.objc; path = ASIDownloadCache.m; sourceTree = "<group>"; };
		9A77A55D1424C50100E7B4C9 /* ASIFormDataRequest.h */ = {isa = PBXFileReference; fileEncoding = 4; lastKnownFileType = sourcecode.c.h; path = ASIFormDataRequest.h; sourceTree = "<group>"; };
		9A77A55E1424C50100E7B4C9 /* ASIFormDataRequest.m */ = {isa = PBXFileReference; fileEncoding = 4; lastKnownFileType = sourcecode.c.objc; path = ASIFormDataRequest.m; sourceTree = "<group>"; };
		9A77A55F1424C50100E7B4C9 /* ASIHTTPRequest.h */ = {isa = PBXFileReference; fileEncoding = 4; lastKnownFileType = sourcecode.c.h; path = ASIHTTPRequest.h; sourceTree = "<group>"; };
		9A77A5601424C50100E7B4C9 /* ASIHTTPRequest.m */ = {isa = PBXFileReference; fileEncoding = 4; lastKnownFileType = sourcecode.c.objc; path = ASIHTTPRequest.m; sourceTree = "<group>"; };
		9A77A5611424C50100E7B4C9 /* ASIHTTPRequestConfig.h */ = {isa = PBXFileReference; fileEncoding = 4; lastKnownFileType = sourcecode.c.h; path = ASIHTTPRequestConfig.h; sourceTree = "<group>"; };
		9A77A5621424C50100E7B4C9 /* ASIHTTPRequestDelegate.h */ = {isa = PBXFileReference; fileEncoding = 4; lastKnownFileType = sourcecode.c.h; path = ASIHTTPRequestDelegate.h; sourceTree = "<group>"; };
		9A77A5631424C50100E7B4C9 /* ASIInputStream.h */ = {isa = PBXFileReference; fileEncoding = 4; lastKnownFileType = sourcecode.c.h; path = ASIInputStream.h; sourceTree = "<group>"; };
		9A77A5641424C50100E7B4C9 /* ASIInputStream.m */ = {isa = PBXFileReference; fileEncoding = 4; lastKnownFileType = sourcecode.c.objc; path = ASIInputStream.m; sourceTree = "<group>"; };
		9A77A5651424C50100E7B4C9 /* ASINetworkQueue.h */ = {isa = PBXFileReference; fileEncoding = 4; lastKnownFileType = sourcecode.c.h; path = ASINetworkQueue.h; sourceTree = "<group>"; };
		9A77A5661424C50100E7B4C9 /* ASINetworkQueue.m */ = {isa = PBXFileReference; fileEncoding = 4; lastKnownFileType = sourcecode.c.objc; path = ASINetworkQueue.m; sourceTree = "<group>"; };
		9A77A5671424C50100E7B4C9 /* ASIProgressDelegate.h */ = {isa = PBXFileReference; fileEncoding = 4; lastKnownFileType = sourcecode.c.h; path = ASIProgressDelegate.h; sourceTree = "<group>"; };
		9A77A5CB1424C53E00E7B4C9 /* libz.dylib */ = {isa = PBXFileReference; lastKnownFileType = "compiled.mach-o.dylib"; name = libz.dylib; path = usr/lib/libz.dylib; sourceTree = SDKROOT; };
		9A77A5CD1424C58300E7B4C9 /* CFNetwork.framework */ = {isa = PBXFileReference; lastKnownFileType = wrapper.framework; name = CFNetwork.framework; path = System/Library/Frameworks/CFNetwork.framework; sourceTree = SDKROOT; };
		9A77A5CF1424C58C00E7B4C9 /* SystemConfiguration.framework */ = {isa = PBXFileReference; lastKnownFileType = wrapper.framework; name = SystemConfiguration.framework; path = System/Library/Frameworks/SystemConfiguration.framework; sourceTree = SDKROOT; };
		9A77A5D11424C59700E7B4C9 /* MobileCoreServices.framework */ = {isa = PBXFileReference; lastKnownFileType = wrapper.framework; name = MobileCoreServices.framework; path = System/Library/Frameworks/MobileCoreServices.framework; sourceTree = SDKROOT; };
		9A77A5D41424C60F00E7B4C9 /* Reachability.h */ = {isa = PBXFileReference; fileEncoding = 4; lastKnownFileType = sourcecode.c.h; path = Reachability.h; sourceTree = "<group>"; };
		9A77A5D51424C60F00E7B4C9 /* Reachability.m */ = {isa = PBXFileReference; fileEncoding = 4; lastKnownFileType = sourcecode.c.objc; path = Reachability.m; sourceTree = "<group>"; };
		9A77A5D81424C6A000E7B4C9 /* CMISetupController.h */ = {isa = PBXFileReference; fileEncoding = 4; lastKnownFileType = sourcecode.c.h; path = CMISetupController.h; sourceTree = "<group>"; };
		9A77A5D91424C6A000E7B4C9 /* CMISetupController.m */ = {isa = PBXFileReference; fileEncoding = 4; lastKnownFileType = sourcecode.c.objc; path = CMISetupController.m; sourceTree = "<group>"; };
		9A77A5DA1424C6A000E7B4C9 /* CMISetupController.xib */ = {isa = PBXFileReference; fileEncoding = 4; lastKnownFileType = file.xib; path = CMISetupController.xib; sourceTree = "<group>"; };
		9A77A5E11424C9CC00E7B4C9 /* NSUserDefaults+Extensions.h */ = {isa = PBXFileReference; fileEncoding = 4; lastKnownFileType = sourcecode.c.h; path = "NSUserDefaults+Extensions.h"; sourceTree = "<group>"; };
		9A77A5E21424C9CC00E7B4C9 /* NSUserDefaults+Extensions.m */ = {isa = PBXFileReference; fileEncoding = 4; lastKnownFileType = sourcecode.c.objc; path = "NSUserDefaults+Extensions.m"; sourceTree = "<group>"; };
/* End PBXFileReference section */

/* Begin PBXFrameworksBuildPhase section */
		8284AE0D1424C1A2000321FF /* Frameworks */ = {
			isa = PBXFrameworksBuildPhase;
			buildActionMask = 2147483647;
			files = (
				9A68ACBE1424DF2C005AC677 /* CoreLocation.framework in Frameworks */,
				82C63AFC1424E547001A6F9F /* CoreMedia.framework in Frameworks */,
				82C63AFA1424DE74001A6F9F /* CoreVideo.framework in Frameworks */,
				82C63AF81424DE66001A6F9F /* AVFoundation.framework in Frameworks */,
				8284AE191424C1A2000321FF /* CoreGraphics.framework in Frameworks */,
				9A77A5D21424C59700E7B4C9 /* MobileCoreServices.framework in Frameworks */,
				9A77A5D01424C58C00E7B4C9 /* SystemConfiguration.framework in Frameworks */,
				9A77A5CE1424C58300E7B4C9 /* CFNetwork.framework in Frameworks */,
				9A77A5CC1424C53E00E7B4C9 /* libz.dylib in Frameworks */,
				8284AE151424C1A2000321FF /* UIKit.framework in Frameworks */,
				8284AE171424C1A2000321FF /* Foundation.framework in Frameworks */,
			);
			runOnlyForDeploymentPostprocessing = 0;
		};
/* End PBXFrameworksBuildPhase section */

/* Begin PBXGroup section */
		8284AE051424C1A2000321FF = {
			isa = PBXGroup;
			children = (
				9A68ACBD1424DF2C005AC677 /* CoreLocation.framework */,
				82C63AFB1424E547001A6F9F /* CoreMedia.framework */,
				82C63AF91424DE74001A6F9F /* CoreVideo.framework */,
				82C63AF71424DE66001A6F9F /* AVFoundation.framework */,
				8284AE1A1424C1A2000321FF /* CheckMeIn */,
				8284AE131424C1A2000321FF /* Frameworks */,
				8284AE111424C1A2000321FF /* Products */,
			);
			sourceTree = "<group>";
		};
		8284AE111424C1A2000321FF /* Products */ = {
			isa = PBXGroup;
			children = (
				8284AE101424C1A2000321FF /* CheckMeIn.app */,
			);
			name = Products;
			sourceTree = "<group>";
		};
		8284AE131424C1A2000321FF /* Frameworks */ = {
			isa = PBXGroup;
			children = (
				9A77A5D11424C59700E7B4C9 /* MobileCoreServices.framework */,
				9A77A5CF1424C58C00E7B4C9 /* SystemConfiguration.framework */,
				9A77A5CD1424C58300E7B4C9 /* CFNetwork.framework */,
				9A77A5CB1424C53E00E7B4C9 /* libz.dylib */,
				8284AE141424C1A2000321FF /* UIKit.framework */,
				8284AE161424C1A2000321FF /* Foundation.framework */,
				8284AE181424C1A2000321FF /* CoreGraphics.framework */,
			);
			name = Frameworks;
			sourceTree = "<group>";
		};
		8284AE1A1424C1A2000321FF /* CheckMeIn */ = {
			isa = PBXGroup;
			children = (
				9A73CBD414251C64000D8DED /* Ressources */,
				82C63AE41424D64F001A6F9F /* Moodstocks Client */,
				82C63BC31424EEC4001A6F9F /* Image Decoder */,
				9A77A5DD1424C97A00E7B4C9 /* Common */,
				9A77A5D71424C63A00E7B4C9 /* Setup */,
				9A73CBD3142515AC000D8DED /* Home */,
				82C63AE91424D998001A6F9F /* Scanner */,
				9A73CBE1142524AF000D8DED /* Check In */,
				9A77A5521424C37D00E7B4C9 /* Externals */,
				8284AE231424C1A2000321FF /* CheckMeInAppDelegate.h */,
				8284AE241424C1A2000321FF /* CheckMeInAppDelegate.m */,
				8284AE261424C1A2000321FF /* MainWindow.xib */,
				8284AE1B1424C1A2000321FF /* Supporting Files */,
			);
			path = CheckMeIn;
			sourceTree = "<group>";
		};
		8284AE1B1424C1A2000321FF /* Supporting Files */ = {
			isa = PBXGroup;
			children = (
				8284AE1C1424C1A2000321FF /* CheckMeIn-Info.plist */,
				8284AE1D1424C1A2000321FF /* InfoPlist.strings */,
				8284AE201424C1A2000321FF /* CheckMeIn-Prefix.pch */,
				8284AE211424C1A2000321FF /* main.m */,
			);
			name = "Supporting Files";
			sourceTree = "<group>";
		};
		82C63AE41424D64F001A6F9F /* Moodstocks Client */ = {
			isa = PBXGroup;
			children = (
				82C63AE61424D6C1001A6F9F /* Moodstocks.h */,
				82C63AE71424D6C1001A6F9F /* Moodstocks.m */,
			);
			name = "Moodstocks Client";
			sourceTree = "<group>";
		};
		82C63AE91424D998001A6F9F /* Scanner */ = {
			isa = PBXGroup;
			children = (
				82C63AEA1424D9F7001A6F9F /* CMIScannerController.h */,
				82C63AEB1424D9F7001A6F9F /* CMIScannerController.m */,
				82C63AEC1424D9F7001A6F9F /* CMIScannerController.xib */,
			);
			name = Scanner;
			sourceTree = "<group>";
		};
		82C63BC31424EEC4001A6F9F /* Image Decoder */ = {
			isa = PBXGroup;
			children = (
				82C63BCB1424F031001A6F9F /* Moodstocks */,
				82C63BC71424EF5D001A6F9F /* CMIImageDecoderDelegate.h */,
				82C63BC81424EFD8001A6F9F /* CMIImageDecoder.h */,
				82C63BC91424EFD8001A6F9F /* CMIImageDecoder.m */,
			);
			name = "Image Decoder";
			sourceTree = "<group>";
		};
		82C63BCB1424F031001A6F9F /* Moodstocks */ = {
			isa = PBXGroup;
			children = (
				82C63BC41424EF26001A6F9F /* MSAPIDecoder.h */,
				82C63BC51424EF26001A6F9F /* MSAPIDecoder.m */,
			);
			name = Moodstocks;
			sourceTree = "<group>";
		};
		9A68AC961424D4A1005AC677 /* SBJSON */ = {
			isa = PBXGroup;
			children = (
				9A68AC981424D4B2005AC677 /* NSObject+SBJson.h */,
				9A68AC991424D4B2005AC677 /* NSObject+SBJson.m */,
				9A68AC9A1424D4B2005AC677 /* SBJson.h */,
				9A68AC9B1424D4B2005AC677 /* SBJsonParser.h */,
				9A68AC9C1424D4B2005AC677 /* SBJsonParser.m */,
				9A68AC9D1424D4B2005AC677 /* SBJsonStreamParser.h */,
				9A68AC9E1424D4B2005AC677 /* SBJsonStreamParser.m */,
				9A68AC9F1424D4B2005AC677 /* SBJsonStreamParserAccumulator.h */,
				9A68ACA01424D4B2005AC677 /* SBJsonStreamParserAccumulator.m */,
				9A68ACA11424D4B2005AC677 /* SBJsonStreamParserAdapter.h */,
				9A68ACA21424D4B2005AC677 /* SBJsonStreamParserAdapter.m */,
				9A68ACA31424D4B2005AC677 /* SBJsonStreamParserState.h */,
				9A68ACA41424D4B2005AC677 /* SBJsonStreamParserState.m */,
				9A68ACA51424D4B2005AC677 /* SBJsonStreamWriter.h */,
				9A68ACA61424D4B2005AC677 /* SBJsonStreamWriter.m */,
				9A68ACA71424D4B2005AC677 /* SBJsonStreamWriterAccumulator.h */,
				9A68ACA81424D4B2005AC677 /* SBJsonStreamWriterAccumulator.m */,
				9A68ACA91424D4B2005AC677 /* SBJsonStreamWriterState.h */,
				9A68ACAA1424D4B2005AC677 /* SBJsonStreamWriterState.m */,
				9A68ACAB1424D4B2005AC677 /* SBJsonTokeniser.h */,
				9A68ACAC1424D4B2005AC677 /* SBJsonTokeniser.m */,
				9A68ACAD1424D4B2005AC677 /* SBJsonUTF8Stream.h */,
				9A68ACAE1424D4B2005AC677 /* SBJsonUTF8Stream.m */,
				9A68ACAF1424D4B2005AC677 /* SBJsonWriter.h */,
				9A68ACB01424D4B2005AC677 /* SBJsonWriter.m */,
			);
			name = SBJSON;
			sourceTree = "<group>";
		};
		9A73CBD3142515AC000D8DED /* Home */ = {
			isa = PBXGroup;
			children = (
				8284AE291424C1A2000321FF /* HomeController.h */,
				8284AE2A1424C1A2000321FF /* HomeController.m */,
				8284AE2C1424C1A2000321FF /* HomeController.xib */,
			);
			name = Home;
			sourceTree = "<group>";
		};
		9A73CBD414251C64000D8DED /* Ressources */ = {
			isa = PBXGroup;
			children = (
				9A73CBD914251E76000D8DED /* checkmein_button.png */,
				9A73CBD614251C71000D8DED /* checkmein.png */,
			);
			name = Ressources;
			sourceTree = "<group>";
		};
		9A73CBE1142524AF000D8DED /* Check In */ = {
			isa = PBXGroup;
			children = (
				9A73CBE614252523000D8DED /* CMICheckInController.h */,
				9A73CBE714252523000D8DED /* CMICheckInController.m */,
				9A73CBE814252523000D8DED /* CMICheckInController.xib */,
			);
			name = "Check In";
			sourceTree = "<group>";
		};
		9A73CBE2142524F1000D8DED /* MBProgressHUD */ = {
			isa = PBXGroup;
			children = (
				9A73CBE314252502000D8DED /* MBProgressHUD.h */,
				9A73CBE414252502000D8DED /* MBProgressHUD.m */,
			);
			name = MBProgressHUD;
			sourceTree = "<group>";
		};
		9A77A5521424C37D00E7B4C9 /* Externals */ = {
			isa = PBXGroup;
			children = (
				9A73CBE2142524F1000D8DED /* MBProgressHUD */,
				9A68AC961424D4A1005AC677 /* SBJSON */,
				9A77A5D31424C5FF00E7B4C9 /* Reachability */,
				9A77A5531424C38600E7B4C9 /* ASIHTTPRequest */,
			);
			name = Externals;
			sourceTree = "<group>";
		};
		9A77A5531424C38600E7B4C9 /* ASIHTTPRequest */ = {
			isa = PBXGroup;
			children = (
				9A77A5541424C50100E7B4C9 /* ASIAuthenticationDialog.h */,
				9A77A5551424C50100E7B4C9 /* ASIAuthenticationDialog.m */,
				9A77A5561424C50100E7B4C9 /* ASICacheDelegate.h */,
				9A77A5571424C50100E7B4C9 /* ASIDataCompressor.h */,
				9A77A5581424C50100E7B4C9 /* ASIDataCompressor.m */,
				9A77A5591424C50100E7B4C9 /* ASIDataDecompressor.h */,
				9A77A55A1424C50100E7B4C9 /* ASIDataDecompressor.m */,
				9A77A55B1424C50100E7B4C9 /* ASIDownloadCache.h */,
				9A77A55C1424C50100E7B4C9 /* ASIDownloadCache.m */,
				9A77A55D1424C50100E7B4C9 /* ASIFormDataRequest.h */,
				9A77A55E1424C50100E7B4C9 /* ASIFormDataRequest.m */,
				9A77A55F1424C50100E7B4C9 /* ASIHTTPRequest.h */,
				9A77A5601424C50100E7B4C9 /* ASIHTTPRequest.m */,
				9A77A5611424C50100E7B4C9 /* ASIHTTPRequestConfig.h */,
				9A77A5621424C50100E7B4C9 /* ASIHTTPRequestDelegate.h */,
				9A77A5631424C50100E7B4C9 /* ASIInputStream.h */,
				9A77A5641424C50100E7B4C9 /* ASIInputStream.m */,
				9A77A5651424C50100E7B4C9 /* ASINetworkQueue.h */,
				9A77A5661424C50100E7B4C9 /* ASINetworkQueue.m */,
				9A77A5671424C50100E7B4C9 /* ASIProgressDelegate.h */,
			);
			name = ASIHTTPRequest;
			sourceTree = "<group>";
		};
		9A77A5D31424C5FF00E7B4C9 /* Reachability */ = {
			isa = PBXGroup;
			children = (
				9A77A5D41424C60F00E7B4C9 /* Reachability.h */,
				9A77A5D51424C60F00E7B4C9 /* Reachability.m */,
			);
			name = Reachability;
			sourceTree = "<group>";
		};
		9A77A5D71424C63A00E7B4C9 /* Setup */ = {
			isa = PBXGroup;
			children = (
				9A77A5D81424C6A000E7B4C9 /* CMISetupController.h */,
				9A77A5D91424C6A000E7B4C9 /* CMISetupController.m */,
				9A77A5DA1424C6A000E7B4C9 /* CMISetupController.xib */,
			);
			name = Setup;
			sourceTree = "<group>";
		};
		9A77A5DD1424C97A00E7B4C9 /* Common */ = {
			isa = PBXGroup;
			children = (
				9A638B5514250780005F5A6A /* NSString+URLEncode.h */,
				9A638B5614250780005F5A6A /* NSString+URLEncode.m */,
				9A77A5E11424C9CC00E7B4C9 /* NSUserDefaults+Extensions.h */,
				9A77A5E21424C9CC00E7B4C9 /* NSUserDefaults+Extensions.m */,
				82C63BC01424ED9D001A6F9F /* CMIConstants.h */,
				82C63BC11424ED9D001A6F9F /* CMIConstants.m */,
			);
			name = Common;
			sourceTree = "<group>";
		};
/* End PBXGroup section */

/* Begin PBXNativeTarget section */
		8284AE0F1424C1A2000321FF /* CheckMeIn */ = {
			isa = PBXNativeTarget;
			buildConfigurationList = 8284AE311424C1A2000321FF /* Build configuration list for PBXNativeTarget "CheckMeIn" */;
			buildPhases = (
				8284AE0C1424C1A2000321FF /* Sources */,
				8284AE0D1424C1A2000321FF /* Frameworks */,
				8284AE0E1424C1A2000321FF /* Resources */,
			);
			buildRules = (
			);
			dependencies = (
			);
			name = CheckMeIn;
			productName = CheckMeIn;
			productReference = 8284AE101424C1A2000321FF /* CheckMeIn.app */;
			productType = "com.apple.product-type.application";
		};
/* End PBXNativeTarget section */

/* Begin PBXProject section */
		8284AE071424C1A2000321FF /* Project object */ = {
			isa = PBXProject;
			attributes = {
				LastUpgradeCheck = 0420;
				ORGANIZATIONNAME = Moodstocks;
			};
			buildConfigurationList = 8284AE0A1424C1A2000321FF /* Build configuration list for PBXProject "CheckMeIn" */;
			compatibilityVersion = "Xcode 3.2";
			developmentRegion = English;
			hasScannedForEncodings = 0;
			knownRegions = (
				en,
			);
			mainGroup = 8284AE051424C1A2000321FF;
			productRefGroup = 8284AE111424C1A2000321FF /* Products */;
			projectDirPath = "";
			projectRoot = "";
			targets = (
				8284AE0F1424C1A2000321FF /* CheckMeIn */,
			);
		};
/* End PBXProject section */

/* Begin PBXResourcesBuildPhase section */
		8284AE0E1424C1A2000321FF /* Resources */ = {
			isa = PBXResourcesBuildPhase;
			buildActionMask = 2147483647;
			files = (
				8284AE1F1424C1A2000321FF /* InfoPlist.strings in Resources */,
				8284AE281424C1A2000321FF /* MainWindow.xib in Resources */,
				8284AE2E1424C1A2000321FF /* HomeController.xib in Resources */,
				9A77A5DC1424C6A000E7B4C9 /* CMISetupController.xib in Resources */,
				82C63AEE1424D9F7001A6F9F /* CMIScannerController.xib in Resources */,
				9A73CBD814251C71000D8DED /* checkmein.png in Resources */,
				9A73CBDA14251E76000D8DED /* checkmein_button.png in Resources */,
				9A73CBEA14252523000D8DED /* CMICheckInController.xib in Resources */,
			);
			runOnlyForDeploymentPostprocessing = 0;
		};
/* End PBXResourcesBuildPhase section */

/* Begin PBXSourcesBuildPhase section */
		8284AE0C1424C1A2000321FF /* Sources */ = {
			isa = PBXSourcesBuildPhase;
			buildActionMask = 2147483647;
			files = (
				8284AE221424C1A2000321FF /* main.m in Sources */,
				8284AE251424C1A2000321FF /* CheckMeInAppDelegate.m in Sources */,
				8284AE2B1424C1A2000321FF /* HomeController.m in Sources */,
				9A77A5A61424C50100E7B4C9 /* ASIAuthenticationDialog.m in Sources */,
				9A77A5A71424C50100E7B4C9 /* ASIDataCompressor.m in Sources */,
				9A77A5A81424C50100E7B4C9 /* ASIDataDecompressor.m in Sources */,
				9A77A5A91424C50100E7B4C9 /* ASIDownloadCache.m in Sources */,
				9A77A5AA1424C50100E7B4C9 /* ASIFormDataRequest.m in Sources */,
				9A77A5AB1424C50100E7B4C9 /* ASIHTTPRequest.m in Sources */,
				9A77A5AC1424C50100E7B4C9 /* ASIInputStream.m in Sources */,
				9A77A5AD1424C50100E7B4C9 /* ASINetworkQueue.m in Sources */,
				9A77A5D61424C60F00E7B4C9 /* Reachability.m in Sources */,
				9A77A5DB1424C6A000E7B4C9 /* CMISetupController.m in Sources */,
				9A77A5E31424C9CD00E7B4C9 /* NSUserDefaults+Extensions.m in Sources */,
				9A68ACB11424D4B2005AC677 /* NSObject+SBJson.m in Sources */,
				9A68ACB21424D4B2005AC677 /* SBJsonParser.m in Sources */,
				9A68ACB31424D4B2005AC677 /* SBJsonStreamParser.m in Sources */,
				9A68ACB41424D4B2005AC677 /* SBJsonStreamParserAccumulator.m in Sources */,
				9A68ACB51424D4B2005AC677 /* SBJsonStreamParserAdapter.m in Sources */,
				9A68ACB61424D4B2005AC677 /* SBJsonStreamParserState.m in Sources */,
				9A68ACB71424D4B2005AC677 /* SBJsonStreamWriter.m in Sources */,
				9A68ACB81424D4B2005AC677 /* SBJsonStreamWriterAccumulator.m in Sources */,
				9A68ACB91424D4B2005AC677 /* SBJsonStreamWriterState.m in Sources */,
				9A68ACBA1424D4B2005AC677 /* SBJsonTokeniser.m in Sources */,
				9A68ACBB1424D4B2005AC677 /* SBJsonUTF8Stream.m in Sources */,
				9A68ACBC1424D4B2005AC677 /* SBJsonWriter.m in Sources */,
				9A638B5714250780005F5A6A /* NSString+URLEncode.m in Sources */,
				82C63AE81424D6C1001A6F9F /* Moodstocks.m in Sources */,
				82C63AED1424D9F7001A6F9F /* CMIScannerController.m in Sources */,
				82C63BC21424ED9D001A6F9F /* CMIConstants.m in Sources */,
				82C63BC61424EF26001A6F9F /* MSAPIDecoder.m in Sources */,
				82C63BCA1424EFD8001A6F9F /* CMIImageDecoder.m in Sources */,
				9A73CBE514252502000D8DED /* MBProgressHUD.m in Sources */,
				9A73CBE914252523000D8DED /* CMICheckInController.m in Sources */,
			);
			runOnlyForDeploymentPostprocessing = 0;
		};
/* End PBXSourcesBuildPhase section */

/* Begin PBXVariantGroup section */
		8284AE1D1424C1A2000321FF /* InfoPlist.strings */ = {
			isa = PBXVariantGroup;
			children = (
				8284AE1E1424C1A2000321FF /* en */,
			);
			name = InfoPlist.strings;
			sourceTree = "<group>";
		};
		8284AE261424C1A2000321FF /* MainWindow.xib */ = {
			isa = PBXVariantGroup;
			children = (
				8284AE271424C1A2000321FF /* en */,
			);
			name = MainWindow.xib;
			sourceTree = "<group>";
		};
		8284AE2C1424C1A2000321FF /* HomeController.xib */ = {
			isa = PBXVariantGroup;
			children = (
				8284AE2D1424C1A2000321FF /* en */,
			);
			name = HomeController.xib;
			sourceTree = "<group>";
		};
/* End PBXVariantGroup section */

/* Begin XCBuildConfiguration section */
		8284AE2F1424C1A2000321FF /* Debug */ = {
			isa = XCBuildConfiguration;
			buildSettings = {
				ARCHS = "$(ARCHS_UNIVERSAL_IPHONE_OS)";
				"CODE_SIGN_IDENTITY[sdk=iphoneos*]" = "iPhone Developer";
				GCC_C_LANGUAGE_STANDARD = gnu99;
				GCC_OPTIMIZATION_LEVEL = 0;
				GCC_PREPROCESSOR_DEFINITIONS = DEBUG;
				GCC_SYMBOLS_PRIVATE_EXTERN = NO;
				GCC_VERSION = com.apple.compilers.llvmgcc42;
				GCC_WARN_ABOUT_RETURN_TYPE = YES;
				GCC_WARN_UNUSED_VARIABLE = YES;
				IPHONEOS_DEPLOYMENT_TARGET = 4.3;
				SDKROOT = iphoneos;
				TARGETED_DEVICE_FAMILY = 2;
			};
			name = Debug;
		};
		8284AE301424C1A2000321FF /* Release */ = {
			isa = XCBuildConfiguration;
			buildSettings = {
				ARCHS = "$(ARCHS_UNIVERSAL_IPHONE_OS)";
				"CODE_SIGN_IDENTITY[sdk=iphoneos*]" = "iPhone Developer";
				GCC_C_LANGUAGE_STANDARD = gnu99;
				GCC_VERSION = com.apple.compilers.llvmgcc42;
				GCC_WARN_ABOUT_RETURN_TYPE = YES;
				GCC_WARN_UNUSED_VARIABLE = YES;
				IPHONEOS_DEPLOYMENT_TARGET = 4.3;
				OTHER_CFLAGS = "-DNS_BLOCK_ASSERTIONS=1";
				SDKROOT = iphoneos;
				TARGETED_DEVICE_FAMILY = 2;
			};
			name = Release;
		};
		8284AE321424C1A2000321FF /* Debug */ = {
			isa = XCBuildConfiguration;
			buildSettings = {
				ALWAYS_SEARCH_USER_PATHS = NO;
				COPY_PHASE_STRIP = NO;
				GCC_DYNAMIC_NO_PIC = NO;
				GCC_PRECOMPILE_PREFIX_HEADER = YES;
				GCC_PREFIX_HEADER = "CheckMeIn/CheckMeIn-Prefix.pch";
				INFOPLIST_FILE = "CheckMeIn/CheckMeIn-Info.plist";
				PRODUCT_NAME = "$(TARGET_NAME)";
				WRAPPER_EXTENSION = app;
			};
			name = Debug;
		};
		8284AE331424C1A2000321FF /* Release */ = {
			isa = XCBuildConfiguration;
			buildSettings = {
				ALWAYS_SEARCH_USER_PATHS = NO;
				COPY_PHASE_STRIP = YES;
				GCC_PRECOMPILE_PREFIX_HEADER = YES;
				GCC_PREFIX_HEADER = "CheckMeIn/CheckMeIn-Prefix.pch";
				INFOPLIST_FILE = "CheckMeIn/CheckMeIn-Info.plist";
				PRODUCT_NAME = "$(TARGET_NAME)";
				VALIDATE_PRODUCT = YES;
				WRAPPER_EXTENSION = app;
			};
			name = Release;
		};
/* End XCBuildConfiguration section */

/* Begin XCConfigurationList section */
		8284AE0A1424C1A2000321FF /* Build configuration list for PBXProject "CheckMeIn" */ = {
			isa = XCConfigurationList;
			buildConfigurations = (
				8284AE2F1424C1A2000321FF /* Debug */,
				8284AE301424C1A2000321FF /* Release */,
			);
			defaultConfigurationIsVisible = 0;
			defaultConfigurationName = Release;
		};
		8284AE311424C1A2000321FF /* Build configuration list for PBXNativeTarget "CheckMeIn" */ = {
			isa = XCConfigurationList;
			buildConfigurations = (
				8284AE321424C1A2000321FF /* Debug */,
				8284AE331424C1A2000321FF /* Release */,
			);
			defaultConfigurationIsVisible = 0;
			defaultConfigurationName = Release;
		};
/* End XCConfigurationList section */
	};
	rootObject = 8284AE071424C1A2000321FF /* Project object */;
}
